<?xml version="1.0" encoding="utf-8"?>
<Project ToolsVersion="4.0" xmlns="http://schemas.microsoft.com/developer/msbuild/2003">
  <ItemGroup>
    <Filter Include="源文件">
      <UniqueIdentifier>{4FC737F1-C7A5-4376-A066-2A32D752A2FF}</UniqueIdentifier>
      <Extensions>cpp;c;cc;cxx;c++;def;odl;idl;hpj;bat;asm;asmx</Extensions>
    </Filter>
    <Filter Include="头文件">
      <UniqueIdentifier>{93995380-89BD-4b04-88EB-625FBE52EBFB}</UniqueIdentifier>
      <Extensions>h;hh;hpp;hxx;h++;hm;inl;inc;ipp;xsd</Extensions>
    </Filter>
    <Filter Include="资源文件">
      <UniqueIdentifier>{67DA6AB6-F800-4c08-8B7A-83BB121AAD01}</UniqueIdentifier>
      <Extensions>rc;ico;cur;bmp;dlg;rc2;rct;bin;rgs;gif;jpg;jpeg;jpe;resx;tiff;tif;png;wav;mfcribbon-ms</Extensions>
    </Filter>
    <Filter Include="源文件\Array">
      <UniqueIdentifier>{78c049bb-763e-434a-af3d-11ccb2e0f1a4}</UniqueIdentifier>
    </Filter>
    <Filter Include="源文件\List">
      <UniqueIdentifier>{9ea9aaa6-75b2-47d6-bba0-8e416848500c}</UniqueIdentifier>
    </Filter>
    <Filter Include="源文件\String">
      <UniqueIdentifier>{039db186-3052-40a1-8d65-8dd62123b40e}</UniqueIdentifier>
    </Filter>
    <Filter Include="头文件\Tree">
      <UniqueIdentifier>{4f741f2a-2e1b-4227-90d2-07e49c20696b}</UniqueIdentifier>
    </Filter>
    <Filter Include="源文件\Tree">
      <UniqueIdentifier>{ffe5b931-d4d3-4206-bd28-90c3e37482ba}</UniqueIdentifier>
    </Filter>
    <Filter Include="头文件\Array">
      <UniqueIdentifier>{5a3b376c-f89f-4586-9a86-35adaf68c6f4}</UniqueIdentifier>
    </Filter>
    <Filter Include="源文件\Backtracking">
      <UniqueIdentifier>{d3bc652c-0387-4f79-acd5-22a4bb7fbd3c}</UniqueIdentifier>
    </Filter>
    <Filter Include="头文件\Backtracking">
      <UniqueIdentifier>{8be20406-4189-4e06-a7a5-abd16e53bf67}</UniqueIdentifier>
    </Filter>
    <Filter Include="头文件\List">
      <UniqueIdentifier>{0ff31e25-69b0-4905-bbf4-5de6048e7c04}</UniqueIdentifier>
    </Filter>
    <Filter Include="头文件\String">
      <UniqueIdentifier>{a05370c3-706e-44f1-9b3e-bedb9e70cdf3}</UniqueIdentifier>
    </Filter>
    <Filter Include="源文件\DynamicPlanning">
      <UniqueIdentifier>{22fb7a0f-aa7a-4e0e-9b29-4ed0ba3f0951}</UniqueIdentifier>
    </Filter>
    <Filter Include="头文件\DynamicPlanning">
      <UniqueIdentifier>{51fff7b2-cf57-4513-808d-d403aadc6f49}</UniqueIdentifier>
    </Filter>
  </ItemGroup>
  <ItemGroup>
    <ClCompile Include="LeetCode.cpp">
      <Filter>源文件</Filter>
    </ClCompile>
    <ClCompile Include="TwoSum.cpp">
      <Filter>源文件\Array</Filter>
    </ClCompile>
    <ClCompile Include="AddTwoNumbers.cpp">
      <Filter>源文件\List</Filter>
    </ClCompile>
    <ClCompile Include="LengthOfLongestSubstring.cpp">
      <Filter>源文件\String</Filter>
    </ClCompile>
    <ClCompile Include="LevelOrder.cpp">
      <Filter>源文件\Tree</Filter>
    </ClCompile>
    <ClCompile Include="SingleNumber.cpp">
      <Filter>源文件\Array</Filter>
    </ClCompile>
    <ClCompile Include="ReadBinaryWatch.cpp">
      <Filter>源文件\Backtracking</Filter>
    </ClCompile>
    <ClCompile Include="MaxProfit.cpp">
      <Filter>源文件\DynamicPlanning</Filter>
    </ClCompile>
    <ClCompile Include="MaxSubArray.cpp">
      <Filter>源文件\DynamicPlanning</Filter>
    </ClCompile>
    <ClCompile Include="LengthOfLIS.cpp">
      <Filter>源文件\DynamicPlanning</Filter>
    </ClCompile>
    <ClCompile Include="MaxProduct.cpp">
      <Filter>源文件\DynamicPlanning</Filter>
    </ClCompile>
    <ClCompile Include="ValidPalindrome.cpp">
      <Filter>源文件\String</Filter>
    </ClCompile>
    <ClCompile Include="RemoveNthFromEnd.cpp">
      <Filter>源文件\List</Filter>
    </ClCompile>
    <ClCompile Include="InorderTraversal.cpp">
      <Filter>源文件\Tree</Filter>
    </ClCompile>
    <ClCompile Include="PreorderTraversal.cpp">
      <Filter>源文件\Tree</Filter>
    </ClCompile>
    <ClCompile Include="LetterCasePermutation.cpp">
      <Filter>源文件\Backtracking</Filter>
    </ClCompile>
    <ClCompile Include="FindDuplicate.cpp">
      <Filter>源文件\Array</Filter>
    </ClCompile>
    <ClCompile Include="Rob.cpp">
      <Filter>源文件\DynamicPlanning</Filter>
    </ClCompile>
    <ClCompile Include="KidsWithCandies.cpp">
      <Filter>源文件\Array</Filter>
    </ClCompile>
  </ItemGroup>
  <ItemGroup>
    <ClInclude Include="LevelOrder.h">
      <Filter>头文件\Tree</Filter>
    </ClInclude>
    <ClInclude Include="SingleNumber.h">
      <Filter>头文件\Array</Filter>
    </ClInclude>
    <ClInclude Include="ReadBinaryWatch.h">
      <Filter>头文件\Backtracking</Filter>
    </ClInclude>
    <ClInclude Include="AddTwoNumbers.h">
      <Filter>头文件\List</Filter>
    </ClInclude>
    <ClInclude Include="LengthOfLongestSubstring.h">
      <Filter>头文件\String</Filter>
    </ClInclude>
    <ClInclude Include="TwoSum.h">
      <Filter>头文件\Array</Filter>
    </ClInclude>
    <ClInclude Include="MaxProfit.h">
      <Filter>头文件\DynamicPlanning</Filter>
    </ClInclude>
    <ClInclude Include="MaxSubArray.h">
      <Filter>头文件\DynamicPlanning</Filter>
    </ClInclude>
    <ClInclude Include="LengthOfLIS.h">
      <Filter>头文件\DynamicPlanning</Filter>
    </ClInclude>
    <ClInclude Include="MaxProduct.h">
      <Filter>头文件\DynamicPlanning</Filter>
    </ClInclude>
    <ClInclude Include="ValidPalindrome.h">
      <Filter>头文件\String</Filter>
    </ClInclude>
    <ClInclude Include="RemoveNthFormEnd.h">
      <Filter>头文件\List</Filter>
    </ClInclude>
    <ClInclude Include="InorderTraversal.h">
      <Filter>头文件\Tree</Filter>
    </ClInclude>
    <ClInclude Include="PreorderTraversal.h">
      <Filter>头文件\Tree</Filter>
    </ClInclude>
    <ClInclude Include="LetterCasePermutation.h">
      <Filter>头文件\Backtracking</Filter>
    </ClInclude>
    <ClInclude Include="FindDuplicate.h">
      <Filter>头文件\Array</Filter>
    </ClInclude>
    <ClInclude Include="Rob.h">
      <Filter>头文件\DynamicPlanning</Filter>
    </ClInclude>
    <ClInclude Include="KidsWithCandies.h">
      <Filter>头文件\Array</Filter>
    </ClInclude>
  </ItemGroup>
</Project>